
Microsoft Visual Studio Solution File, Format Version 12.00
# Visual Studio Version 16
VisualStudioVersion = 16.0.29009.5
MinimumVisualStudioVersion = 10.0.40219.1
Project("{FAE04EC0-301F-11D3-BF4B-00C04F79EFBC}") = "WFMathSquare", "WFMathSquare.csproj", "{74415026-3642-4EB8-8673-AA0128FDE9D5}"
EndProject
Global
	GlobalSection(SolutionConfigurationPlatforms) = preSolution
		Debug|Any CPU = Debug|Any CPU
		Release|Any CPU = Release|Any CPU
	EndGlobalSection
	GlobalSection(ProjectConfigurationPlatforms) = postSolution
		{74415026-3642-4EB8-8673-AA0128FDE9D5}.Debug|Any CPU.ActiveCfg = Debug|Any CPU
		{74415026-3642-4EB8-8673-AA0128FDE9D5}.Debug|Any CPU.Build.0 = Debug|Any CPU
		{74415026-3642-4EB8-8673-AA0128FDE9D5}.Release|Any CPU.ActiveCfg = Release|Any CPU
		{74415026-3642-4EB8-8673-AA0128FDE9D5}.Release|Any CPU.Build.0 = Release|Any CPU
	EndGlobalSection
	GlobalSection(SolutionProperties) = preSolution
		HideSolutionNode = FALSE
	EndGlobalSection
	GlobalSection(ExtensibilityGlobals) = postSolution
		SolutionGuid = {1E7B1A08-E0DA-4307-8DE2-23592677F88B}
	EndGlobalSection
EndGlobal
